
Microsoft Visual Studio Solution File, Format Version 12.00
# Visual Studio Version 17
VisualStudioVersion = 17.3.32922.545
MinimumVisualStudioVersion = 10.0.40219.1
Project("{FAE04EC0-301F-11D3-BF4B-00C04F79EFBC}") = "FireFightingRobot", "FireFightingRobot\FireFightingRobot.csproj", "{FA0186DB-3966-4A69-90E2-AD5974E73B6A}"
EndProject
Project("{FAE04EC0-301F-11D3-BF4B-00C04F79EFBC}") = "FireFightingRobot.DAL", "FireFightingRobot.DAL\FireFightingRobot.DAL.csproj", "{6B2B9BE0-9EC0-48E1-90F0-3016FBB29D84}"
EndProject
Project("{FAE04EC0-301F-11D3-BF4B-00C04F79EFBC}") = "FireFigthingRobot.ReadStack", "FireFigthingRobot.ReadStack\FireFigthingRobot.ReadStack.csproj", "{D3D7A367-64C0-4DF1-9094-0F4CD5729117}"
EndProject
Project("{FAE04EC0-301F-11D3-BF4B-00C04F79EFBC}") = "FireFightingRobot.Commands", "FireFightingRobot.Commands\FireFightingRobot.Commands.csproj", "{4294A470-EB84-44F5-AFCA-C09B47452A50}"
EndProject
Project("{FAE04EC0-301F-11D3-BF4B-00C04F79EFBC}") = "FireFightingRobot.Framework", "FireFightingRobot.Framework\FireFightingRobot.Framework.csproj", "{B149D2A7-7043-47DA-9ADE-096C0F19C21E}"
EndProject
Project("{FAE04EC0-301F-11D3-BF4B-00C04F79EFBC}") = "FireFightingRobot.Domain", "FireFightingRobot.Domain\FireFightingRobot.Domain.csproj", "{C5E07DB6-0AFF-47E0-8EB0-304B2198FF29}"
EndProject
Global
	GlobalSection(SolutionConfigurationPlatforms) = preSolution
		Debug|Any CPU = Debug|Any CPU
		Release|Any CPU = Release|Any CPU
	EndGlobalSection
	GlobalSection(ProjectConfigurationPlatforms) = postSolution
		{FA0186DB-3966-4A69-90E2-AD5974E73B6A}.Debug|Any CPU.ActiveCfg = Debug|Any CPU
		{FA0186DB-3966-4A69-90E2-AD5974E73B6A}.Debug|Any CPU.Build.0 = Debug|Any CPU
		{FA0186DB-3966-4A69-90E2-AD5974E73B6A}.Release|Any CPU.ActiveCfg = Release|Any CPU
		{FA0186DB-3966-4A69-90E2-AD5974E73B6A}.Release|Any CPU.Build.0 = Release|Any CPU
		{6B2B9BE0-9EC0-48E1-90F0-3016FBB29D84}.Debug|Any CPU.ActiveCfg = Debug|Any CPU
		{6B2B9BE0-9EC0-48E1-90F0-3016FBB29D84}.Debug|Any CPU.Build.0 = Debug|Any CPU
		{6B2B9BE0-9EC0-48E1-90F0-3016FBB29D84}.Release|Any CPU.ActiveCfg = Release|Any CPU
		{6B2B9BE0-9EC0-48E1-90F0-3016FBB29D84}.Release|Any CPU.Build.0 = Release|Any CPU
		{D3D7A367-64C0-4DF1-9094-0F4CD5729117}.Debug|Any CPU.ActiveCfg = Debug|Any CPU
		{D3D7A367-64C0-4DF1-9094-0F4CD5729117}.Debug|Any CPU.Build.0 = Debug|Any CPU
		{D3D7A367-64C0-4DF1-9094-0F4CD5729117}.Release|Any CPU.ActiveCfg = Release|Any CPU
		{D3D7A367-64C0-4DF1-9094-0F4CD5729117}.Release|Any CPU.Build.0 = Release|Any CPU
		{4294A470-EB84-44F5-AFCA-C09B47452A50}.Debug|Any CPU.ActiveCfg = Debug|Any CPU
		{4294A470-EB84-44F5-AFCA-C09B47452A50}.Debug|Any CPU.Build.0 = Debug|Any CPU
		{4294A470-EB84-44F5-AFCA-C09B47452A50}.Release|Any CPU.ActiveCfg = Release|Any CPU
		{4294A470-EB84-44F5-AFCA-C09B47452A50}.Release|Any CPU.Build.0 = Release|Any CPU
		{B149D2A7-7043-47DA-9ADE-096C0F19C21E}.Debug|Any CPU.ActiveCfg = Debug|Any CPU
		{B149D2A7-7043-47DA-9ADE-096C0F19C21E}.Debug|Any CPU.Build.0 = Debug|Any CPU
		{B149D2A7-7043-47DA-9ADE-096C0F19C21E}.Release|Any CPU.ActiveCfg = Release|Any CPU
		{B149D2A7-7043-47DA-9ADE-096C0F19C21E}.Release|Any CPU.Build.0 = Release|Any CPU
		{C5E07DB6-0AFF-47E0-8EB0-304B2198FF29}.Debug|Any CPU.ActiveCfg = Debug|Any CPU
		{C5E07DB6-0AFF-47E0-8EB0-304B2198FF29}.Debug|Any CPU.Build.0 = Debug|Any CPU
		{C5E07DB6-0AFF-47E0-8EB0-304B2198FF29}.Release|Any CPU.ActiveCfg = Release|Any CPU
		{C5E07DB6-0AFF-47E0-8EB0-304B2198FF29}.Release|Any CPU.Build.0 = Release|Any CPU
	EndGlobalSection
	GlobalSection(SolutionProperties) = preSolution
		HideSolutionNode = FALSE
	EndGlobalSection
	GlobalSection(ExtensibilityGlobals) = postSolution
		SolutionGuid = {5D8039E1-DCC0-4016-81D6-B15DBBF0DDBC}
	EndGlobalSection
EndGlobal
